
Microsoft Visual Studio Solution File, Format Version 12.00
# Visual Studio Version 17
VisualStudioVersion = 17.3.32929.385
MinimumVisualStudioVersion = 10.0.40219.1
Project("{9A19103F-16F7-4668-BE54-9A1E7A4F7556}") = "MVC-CoreTemplate", "MVC Core Template\MVC-CoreTemplate.csproj", "{487FEC85-EE53-4E55-9C5A-1CDA9E96112B}"
EndProject
Global
	GlobalSection(SolutionConfigurationPlatforms) = preSolution
		Debug|Any CPU = Debug|Any CPU
		Release|Any CPU = Release|Any CPU
	EndGlobalSection
	GlobalSection(ProjectConfigurationPlatforms) = postSolution
		{487FEC85-EE53-4E55-9C5A-1CDA9E96112B}.Debug|Any CPU.ActiveCfg = Debug|Any CPU
		{487FEC85-EE53-4E55-9C5A-1CDA9E96112B}.Debug|Any CPU.Build.0 = Debug|Any CPU
		{487FEC85-EE53-4E55-9C5A-1CDA9E96112B}.Release|Any CPU.ActiveCfg = Release|Any CPU
		{487FEC85-EE53-4E55-9C5A-1CDA9E96112B}.Release|Any CPU.Build.0 = Release|Any CPU
	EndGlobalSection
	GlobalSection(SolutionProperties) = preSolution
		HideSolutionNode = FALSE
	EndGlobalSection
	GlobalSection(ExtensibilityGlobals) = postSolution
		SolutionGuid = {1677F603-3B83-452E-A39B-60DA2880FD4A}
	EndGlobalSection
EndGlobal
